
Microsoft Visual Studio Solution File, Format Version 12.00
# Visual Studio Version 16
VisualStudioVersion = 16.0.30011.22
MinimumVisualStudioVersion = 10.0.40219.1
Project("{FAE04EC0-301F-11D3-BF4B-00C04F79EFBC}") = "Sistema.Entidades", "Sistema.Entidades\Sistema.Entidades.csproj", "{C3BEB08D-C499-4D1C-BE28-BEC6AB034F90}"
EndProject
Project("{FAE04EC0-301F-11D3-BF4B-00C04F79EFBC}") = "Sistema.Datos", "Sistemas.Datos\Sistema.Datos.csproj", "{DDFC1F5B-1F3F-483B-AE3D-4181CA12E790}"
EndProject
Project("{FAE04EC0-301F-11D3-BF4B-00C04F79EFBC}") = "Sistema.Web", "Sistema.Web\Sistema.Web.csproj", "{BC0923C1-541E-431D-99B1-E16DC7EE9888}"
EndProject
Global
	GlobalSection(SolutionConfigurationPlatforms) = preSolution
		Debug|Any CPU = Debug|Any CPU
		Release|Any CPU = Release|Any CPU
	EndGlobalSection
	GlobalSection(ProjectConfigurationPlatforms) = postSolution
		{C3BEB08D-C499-4D1C-BE28-BEC6AB034F90}.Debug|Any CPU.ActiveCfg = Debug|Any CPU
		{C3BEB08D-C499-4D1C-BE28-BEC6AB034F90}.Debug|Any CPU.Build.0 = Debug|Any CPU
		{C3BEB08D-C499-4D1C-BE28-BEC6AB034F90}.Release|Any CPU.ActiveCfg = Release|Any CPU
		{C3BEB08D-C499-4D1C-BE28-BEC6AB034F90}.Release|Any CPU.Build.0 = Release|Any CPU
		{DDFC1F5B-1F3F-483B-AE3D-4181CA12E790}.Debug|Any CPU.ActiveCfg = Debug|Any CPU
		{DDFC1F5B-1F3F-483B-AE3D-4181CA12E790}.Debug|Any CPU.Build.0 = Debug|Any CPU
		{DDFC1F5B-1F3F-483B-AE3D-4181CA12E790}.Release|Any CPU.ActiveCfg = Release|Any CPU
		{DDFC1F5B-1F3F-483B-AE3D-4181CA12E790}.Release|Any CPU.Build.0 = Release|Any CPU
		{BC0923C1-541E-431D-99B1-E16DC7EE9888}.Debug|Any CPU.ActiveCfg = Debug|Any CPU
		{BC0923C1-541E-431D-99B1-E16DC7EE9888}.Debug|Any CPU.Build.0 = Debug|Any CPU
		{BC0923C1-541E-431D-99B1-E16DC7EE9888}.Release|Any CPU.ActiveCfg = Release|Any CPU
		{BC0923C1-541E-431D-99B1-E16DC7EE9888}.Release|Any CPU.Build.0 = Release|Any CPU
	EndGlobalSection
	GlobalSection(SolutionProperties) = preSolution
		HideSolutionNode = FALSE
	EndGlobalSection
	GlobalSection(ExtensibilityGlobals) = postSolution
		SolutionGuid = {C4969646-6B0A-4AEA-AF31-49B3FF9E70F8}
	EndGlobalSection
EndGlobal
